
Microsoft Visual Studio Solution File, Format Version 12.00
# Visual Studio Version 17
VisualStudioVersion = 17.9.34607.119
MinimumVisualStudioVersion = 10.0.40219.1
Project("{FAE04EC0-301F-11D3-BF4B-00C04F79EFBC}") = "ADONET_hw_7", "ADONET_hw_7\ADONET_hw_7.csproj", "{DFF1E118-3E85-4C17-86EC-A3845D7610E7}"
EndProject
Project("{9A19103F-16F7-4668-BE54-9A1E7A4F7556}") = "MusicDb", "..\ADONET_7\MusicDb\MusicDb.csproj", "{A250D1A6-ED1E-48FD-B5FF-A27152240892}"
EndProject
Global
	GlobalSection(SolutionConfigurationPlatforms) = preSolution
		Debug|Any CPU = Debug|Any CPU
		Release|Any CPU = Release|Any CPU
	EndGlobalSection
	GlobalSection(ProjectConfigurationPlatforms) = postSolution
		{DFF1E118-3E85-4C17-86EC-A3845D7610E7}.Debug|Any CPU.ActiveCfg = Debug|Any CPU
		{DFF1E118-3E85-4C17-86EC-A3845D7610E7}.Debug|Any CPU.Build.0 = Debug|Any CPU
		{DFF1E118-3E85-4C17-86EC-A3845D7610E7}.Release|Any CPU.ActiveCfg = Release|Any CPU
		{DFF1E118-3E85-4C17-86EC-A3845D7610E7}.Release|Any CPU.Build.0 = Release|Any CPU
		{A250D1A6-ED1E-48FD-B5FF-A27152240892}.Debug|Any CPU.ActiveCfg = Debug|Any CPU
		{A250D1A6-ED1E-48FD-B5FF-A27152240892}.Debug|Any CPU.Build.0 = Debug|Any CPU
		{A250D1A6-ED1E-48FD-B5FF-A27152240892}.Release|Any CPU.ActiveCfg = Release|Any CPU
		{A250D1A6-ED1E-48FD-B5FF-A27152240892}.Release|Any CPU.Build.0 = Release|Any CPU
	EndGlobalSection
	GlobalSection(SolutionProperties) = preSolution
		HideSolutionNode = FALSE
	EndGlobalSection
	GlobalSection(ExtensibilityGlobals) = postSolution
		SolutionGuid = {10E8D4DB-845C-43F9-AABA-461F07D892C2}
	EndGlobalSection
EndGlobal
